
Microsoft Visual Studio Solution File, Format Version 12.00
# Visual Studio Version 17
VisualStudioVersion = 17.6.33815.320
MinimumVisualStudioVersion = 10.0.40219.1
Project("{FAE04EC0-301F-11D3-BF4B-00C04F79EFBC}") = "ConAppCustomNamespace", "ConAppCustomNamespace\ConAppCustomNamespace.csproj", "{4D53F133-4CF8-4AAF-AAF5-AD5A21CFA884}"
EndProject
Global
	GlobalSection(SolutionConfigurationPlatforms) = preSolution
		Debug|Any CPU = Debug|Any CPU
		Release|Any CPU = Release|Any CPU
	EndGlobalSection
	GlobalSection(ProjectConfigurationPlatforms) = postSolution
		{4D53F133-4CF8-4AAF-AAF5-AD5A21CFA884}.Debug|Any CPU.ActiveCfg = Debug|Any CPU
		{4D53F133-4CF8-4AAF-AAF5-AD5A21CFA884}.Debug|Any CPU.Build.0 = Debug|Any CPU
		{4D53F133-4CF8-4AAF-AAF5-AD5A21CFA884}.Release|Any CPU.ActiveCfg = Release|Any CPU
		{4D53F133-4CF8-4AAF-AAF5-AD5A21CFA884}.Release|Any CPU.Build.0 = Release|Any CPU
	EndGlobalSection
	GlobalSection(SolutionProperties) = preSolution
		HideSolutionNode = FALSE
	EndGlobalSection
	GlobalSection(ExtensibilityGlobals) = postSolution
		SolutionGuid = {62ECB8FC-3061-4E4E-B65E-83F8E9C4C9F7}
	EndGlobalSection
EndGlobal
