
Microsoft Visual Studio Solution File, Format Version 12.00
# Visual Studio Version 17
VisualStudioVersion = 17.6.33815.320
MinimumVisualStudioVersion = 10.0.40219.1
Project("{FAE04EC0-301F-11D3-BF4B-00C04F79EFBC}") = "ConAppProj2", "ConAppProj2\ConAppProj2.csproj", "{99A236A3-3BE9-4B91-B560-D0AADDECBA1A}"
EndProject
Global
	GlobalSection(SolutionConfigurationPlatforms) = preSolution
		Debug|Any CPU = Debug|Any CPU
		Release|Any CPU = Release|Any CPU
	EndGlobalSection
	GlobalSection(ProjectConfigurationPlatforms) = postSolution
		{99A236A3-3BE9-4B91-B560-D0AADDECBA1A}.Debug|Any CPU.ActiveCfg = Debug|Any CPU
		{99A236A3-3BE9-4B91-B560-D0AADDECBA1A}.Debug|Any CPU.Build.0 = Debug|Any CPU
		{99A236A3-3BE9-4B91-B560-D0AADDECBA1A}.Release|Any CPU.ActiveCfg = Release|Any CPU
		{99A236A3-3BE9-4B91-B560-D0AADDECBA1A}.Release|Any CPU.Build.0 = Release|Any CPU
	EndGlobalSection
	GlobalSection(SolutionProperties) = preSolution
		HideSolutionNode = FALSE
	EndGlobalSection
	GlobalSection(ExtensibilityGlobals) = postSolution
		SolutionGuid = {C465A57E-A896-44B7-B43D-4BCBF2BDE00F}
	EndGlobalSection
EndGlobal
